
Microsoft Visual Studio Solution File, Format Version 12.00
# Visual Studio Version 16
VisualStudioVersion = 16.0.31005.135
MinimumVisualStudioVersion = 10.0.40219.1
Project("{FAE04EC0-301F-11D3-BF4B-00C04F79EFBC}") = "TasaLeyAlquiler", "TasaLeyAlquiler\TasaLeyAlquiler.csproj", "{0E2CEC57-FB49-433C-B1B4-DD2BBF97DDDF}"
EndProject
Global
	GlobalSection(SolutionConfigurationPlatforms) = preSolution
		Debug|Any CPU = Debug|Any CPU
		Release|Any CPU = Release|Any CPU
	EndGlobalSection
	GlobalSection(ProjectConfigurationPlatforms) = postSolution
		{0E2CEC57-FB49-433C-B1B4-DD2BBF97DDDF}.Debug|Any CPU.ActiveCfg = Debug|Any CPU
		{0E2CEC57-FB49-433C-B1B4-DD2BBF97DDDF}.Debug|Any CPU.Build.0 = Debug|Any CPU
		{0E2CEC57-FB49-433C-B1B4-DD2BBF97DDDF}.Release|Any CPU.ActiveCfg = Release|Any CPU
		{0E2CEC57-FB49-433C-B1B4-DD2BBF97DDDF}.Release|Any CPU.Build.0 = Release|Any CPU
	EndGlobalSection
	GlobalSection(SolutionProperties) = preSolution
		HideSolutionNode = FALSE
	EndGlobalSection
	GlobalSection(ExtensibilityGlobals) = postSolution
		SolutionGuid = {665F11AB-7CFB-4B30-B379-5187CDA7AE0F}
	EndGlobalSection
EndGlobal
